
Microsoft Visual Studio Solution File, Format Version 12.00
# Visual Studio Version 17
VisualStudioVersion = 17.13.35806.99 d17.13
MinimumVisualStudioVersion = 10.0.40219.1
Project("{FAE04EC0-301F-11D3-BF4B-00C04F79EFBC}") = "EP4-Adventure Game", "EP4-Adventure Game\EP4-Adventure Game.csproj", "{D880EB7A-84CA-4D84-94FC-3F88B01AB1F6}"
EndProject
Global
	GlobalSection(SolutionConfigurationPlatforms) = preSolution
		Debug|Any CPU = Debug|Any CPU
		Release|Any CPU = Release|Any CPU
	EndGlobalSection
	GlobalSection(ProjectConfigurationPlatforms) = postSolution
		{D880EB7A-84CA-4D84-94FC-3F88B01AB1F6}.Debug|Any CPU.ActiveCfg = Debug|Any CPU
		{D880EB7A-84CA-4D84-94FC-3F88B01AB1F6}.Debug|Any CPU.Build.0 = Debug|Any CPU
		{D880EB7A-84CA-4D84-94FC-3F88B01AB1F6}.Release|Any CPU.ActiveCfg = Release|Any CPU
		{D880EB7A-84CA-4D84-94FC-3F88B01AB1F6}.Release|Any CPU.Build.0 = Release|Any CPU
	EndGlobalSection
	GlobalSection(SolutionProperties) = preSolution
		HideSolutionNode = FALSE
	EndGlobalSection
	GlobalSection(ExtensibilityGlobals) = postSolution
		SolutionGuid = {9388521D-8BE6-4E7F-A346-4A84CE58AC1B}
	EndGlobalSection
EndGlobal
